
Microsoft Visual Studio Solution File, Format Version 12.00
# Visual Studio Version 17
VisualStudioVersion = 17.11.35312.102
MinimumVisualStudioVersion = 10.0.40219.1
Project("{FAE04EC0-301F-11D3-BF4B-00C04F79EFBC}") = "solid-principles-in-c-sharp", "solid-principles-in-c-sharp.csproj", "{04DCF6FF-3FAC-4D6D-B085-0D6BEF6BF0DB}"
EndProject
Project("{FAE04EC0-301F-11D3-BF4B-00C04F79EFBC}") = "Tests", "..\Tests\Tests.csproj", "{5AA92333-EC96-4732-99C4-942CEAEBA85D}"
EndProject
Global
	GlobalSection(SolutionConfigurationPlatforms) = preSolution
		Debug|Any CPU = Debug|Any CPU
		Release|Any CPU = Release|Any CPU
	EndGlobalSection
	GlobalSection(ProjectConfigurationPlatforms) = postSolution
		{04DCF6FF-3FAC-4D6D-B085-0D6BEF6BF0DB}.Debug|Any CPU.ActiveCfg = Debug|Any CPU
		{04DCF6FF-3FAC-4D6D-B085-0D6BEF6BF0DB}.Debug|Any CPU.Build.0 = Debug|Any CPU
		{04DCF6FF-3FAC-4D6D-B085-0D6BEF6BF0DB}.Release|Any CPU.ActiveCfg = Release|Any CPU
		{04DCF6FF-3FAC-4D6D-B085-0D6BEF6BF0DB}.Release|Any CPU.Build.0 = Release|Any CPU
		{5AA92333-EC96-4732-99C4-942CEAEBA85D}.Debug|Any CPU.ActiveCfg = Debug|Any CPU
		{5AA92333-EC96-4732-99C4-942CEAEBA85D}.Debug|Any CPU.Build.0 = Debug|Any CPU
		{5AA92333-EC96-4732-99C4-942CEAEBA85D}.Release|Any CPU.ActiveCfg = Release|Any CPU
		{5AA92333-EC96-4732-99C4-942CEAEBA85D}.Release|Any CPU.Build.0 = Release|Any CPU
	EndGlobalSection
	GlobalSection(SolutionProperties) = preSolution
		HideSolutionNode = FALSE
	EndGlobalSection
	GlobalSection(ExtensibilityGlobals) = postSolution
		SolutionGuid = {A898563F-B468-4594-98AB-37295257ECAA}
	EndGlobalSection
EndGlobal
